// !$*UTF8*$!
{
	archiveVersion = 1;
	classes = {
	};
	objectVersion = 50;
	objects = {

/* Begin PBXBuildFile section */
		DD22FDE7260191C0009B012C /* NavigationViewPracticeApp.swift in Sources */ = {isa = PBXBuildFile; fileRef = DD22FDE6260191C0009B012C /* NavigationViewPracticeApp.swift */; };
		DD22FDE9260191C0009B012C /* ContentView.swift in Sources */ = {isa = PBXBuildFile; fileRef = DD22FDE8260191C0009B012C /* ContentView.swift */; };
		DD22FDEB260191C3009B012C /* Assets.xcassets in Resources */ = {isa = PBXBuildFile; fileRef = DD22FDEA260191C3009B012C /* Assets.xcassets */; };
		DD22FDEE260191C3009B012C /* Preview Assets.xcassets in Resources */ = {isa = PBXBuildFile; fileRef = DD22FDED260191C3009B012C /* Preview Assets.xcassets */; };
		DD22FDF726033ADD009B012C /* newsView.swift in Sources */ = {isa = PBXBuildFile; fileRef = DD22FDF626033ADC009B012C /* newsView.swift */; };
		DD22FDFB26037E0C009B012C /* prayerView.swift in Sources */ = {isa = PBXBuildFile; fileRef = DD22FDFA26037E0C009B012C /* prayerView.swift */; };
		DD22FDFE26038DCA009B012C /* sermonView.swift in Sources */ = {isa = PBXBuildFile; fileRef = DD22FDFD26038DCA009B012C /* sermonView.swift */; };
		DDAB401326047836000F153A /* WebView.swift in Sources */ = {isa = PBXBuildFile; fileRef = DDAB401226047836000F153A /* WebView.swift */; };
		DDAB401626049482000F153A /* CovidView.swift in Sources */ = {isa = PBXBuildFile; fileRef = DDAB401526049482000F153A /* CovidView.swift */; };
/* End PBXBuildFile section */

/* Begin PBXFileReference section */
		DD22FDE3260191C0009B012C /* NavigationViewPractice.app */ = {isa = PBXFileReference; explicitFileType = wrapper.application; includeInIndex = 0; path = NavigationViewPractice.app; sourceTree = BUILT_PRODUCTS_DIR; };
		DD22FDE6260191C0009B012C /* NavigationViewPracticeApp.swift */ = {isa = PBXFileReference; lastKnownFileType = sourcecode.swift; path = NavigationViewPracticeApp.swift; sourceTree = "<group>"; };
		DD22FDE8260191C0009B012C /* ContentView.swift */ = {isa = PBXFileReference; lastKnownFileType = sourcecode.swift; path = ContentView.swift; sourceTree = "<group>"; };
		DD22FDEA260191C3009B012C /* Assets.xcassets */ = {isa = PBXFileReference; lastKnownFileType = folder.assetcatalog; path = Assets.xcassets; sourceTree = "<group>"; };
		DD22FDED260191C3009B012C /* Preview Assets.xcassets */ = {isa = PBXFileReference; lastKnownFileType = folder.assetcatalog; path = "Preview Assets.xcassets"; sourceTree = "<group>"; };
		DD22FDEF260191C3009B012C /* Info.plist */ = {isa = PBXFileReference; lastKnownFileType = text.plist.xml; path = Info.plist; sourceTree = "<group>"; };
		DD22FDF626033ADC009B012C /* newsView.swift */ = {isa = PBXFileReference; lastKnownFileType = sourcecode.swift; path = newsView.swift; sourceTree = "<group>"; };
		DD22FDFA26037E0C009B012C /* prayerView.swift */ = {isa = PBXFileReference; lastKnownFileType = sourcecode.swift; path = prayerView.swift; sourceTree = "<group>"; };
		DD22FDFD26038DCA009B012C /* sermonView.swift */ = {isa = PBXFileReference; lastKnownFileType = sourcecode.swift; path = sermonView.swift; sourceTree = "<group>"; };
		DDAB401226047836000F153A /* WebView.swift */ = {isa = PBXFileReference; lastKnownFileType = sourcecode.swift; path = WebView.swift; sourceTree = "<group>"; };
		DDAB401526049482000F153A /* CovidView.swift */ = {isa = PBXFileReference; lastKnownFileType = sourcecode.swift; path = CovidView.swift; sourceTree = "<group>"; };
/* End PBXFileReference section */

/* Begin PBXFrameworksBuildPhase section */
		DD22FDE0260191C0009B012C /* Frameworks */ = {
			isa = PBXFrameworksBuildPhase;
			buildActionMask = 2147483647;
			files = (
			);
			runOnlyForDeploymentPostprocessing = 0;
		};
/* End PBXFrameworksBuildPhase section */

/* Begin PBXGroup section */
		DD22FDDA260191C0009B012C = {
			isa = PBXGroup;
			children = (
				DD22FDE5260191C0009B012C /* NavigationViewPractice */,
				DD22FDE4260191C0009B012C /* Products */,
			);
			sourceTree = "<group>";
		};
		DD22FDE4260191C0009B012C /* Products */ = {
			isa = PBXGroup;
			children = (
				DD22FDE3260191C0009B012C /* NavigationViewPractice.app */,
			);
			name = Products;
			sourceTree = "<group>";
		};
		DD22FDE5260191C0009B012C /* NavigationViewPractice */ = {
			isa = PBXGroup;
			children = (
				DD22FDE6260191C0009B012C /* NavigationViewPracticeApp.swift */,
				DD22FDE8260191C0009B012C /* ContentView.swift */,
				DD22FDFD26038DCA009B012C /* sermonView.swift */,
				DD22FDF626033ADC009B012C /* newsView.swift */,
				DD22FDFA26037E0C009B012C /* prayerView.swift */,
				DDAB401526049482000F153A /* CovidView.swift */,
				DD22FDEA260191C3009B012C /* Assets.xcassets */,
				DD22FDEF260191C3009B012C /* Info.plist */,
				DD22FDEC260191C3009B012C /* Preview Content */,
				DDAB401226047836000F153A /* WebView.swift */,
			);
			path = NavigationViewPractice;
			sourceTree = "<group>";
		};
		DD22FDEC260191C3009B012C /* Preview Content */ = {
			isa = PBXGroup;
			children = (
				DD22FDED260191C3009B012C /* Preview Assets.xcassets */,
			);
			path = "Preview Content";
			sourceTree = "<group>";
		};
/* End PBXGroup section */

/* Begin PBXNativeTarget section */
		DD22FDE2260191C0009B012C /* NavigationViewPractice */ = {
			isa = PBXNativeTarget;
			buildConfigurationList = DD22FDF2260191C3009B012C /* Build configuration list for PBXNativeTarget "NavigationViewPractice" */;
			buildPhases = (
				DD22FDDF260191C0009B012C /* Sources */,
				DD22FDE0260191C0009B012C /* Frameworks */,
				DD22FDE1260191C0009B012C /* Resources */,
			);
			buildRules = (
			);
			dependencies = (
			);
			name = NavigationViewPractice;
			productName = NavigationViewPractice;
			productReference = DD22FDE3260191C0009B012C /* NavigationViewPractice.app */;
			productType = "com.apple.product-type.application";
		};
/* End PBXNativeTarget section */

/* Begin PBXProject section */
		DD22FDDB260191C0009B012C /* Project object */ = {
			isa = PBXProject;
			attributes = {
				LastSwiftUpdateCheck = 1240;
				LastUpgradeCheck = 1240;
				TargetAttributes = {
					DD22FDE2260191C0009B012C = {
						CreatedOnToolsVersion = 12.4;
					};
				};
			};
			buildConfigurationList = DD22FDDE260191C0009B012C /* Build configuration list for PBXProject "NavigationViewPractice" */;
			compatibilityVersion = "Xcode 9.3";
			developmentRegion = en;
			hasScannedForEncodings = 0;
			knownRegions = (
				en,
				Base,
			);
			mainGroup = DD22FDDA260191C0009B012C;
			productRefGroup = DD22FDE4260191C0009B012C /* Products */;
			projectDirPath = "";
			projectRoot = "";
			targets = (
				DD22FDE2260191C0009B012C /* NavigationViewPractice */,
			);
		};
/* End PBXProject section */

/* Begin PBXResourcesBuildPhase section */
		DD22FDE1260191C0009B012C /* Resources */ = {
			isa = PBXResourcesBuildPhase;
			buildActionMask = 2147483647;
			files = (
				DD22FDEE260191C3009B012C /* Preview Assets.xcassets in Resources */,
				DD22FDEB260191C3009B012C /* Assets.xcassets in Resources */,
			);
			runOnlyForDeploymentPostprocessing = 0;
		};
/* End PBXResourcesBuildPhase section */

/* Begin PBXSourcesBuildPhase section */
		DD22FDDF260191C0009B012C /* Sources */ = {
			isa = PBXSourcesBuildPhase;
			buildActionMask = 2147483647;
			files = (
				DDAB401626049482000F153A /* CovidView.swift in Sources */,
				DD22FDE9260191C0009B012C /* ContentView.swift in Sources */,
				DD22FDFB26037E0C009B012C /* prayerView.swift in Sources */,
				DD22FDE7260191C0009B012C /* NavigationViewPracticeApp.swift in Sources */,
				DDAB401326047836000F153A /* WebView.swift in Sources */,
				DD22FDF726033ADD009B012C /* newsView.swift in Sources */,
				DD22FDFE26038DCA009B012C /* sermonView.swift in Sources */,
			);
			runOnlyForDeploymentPostprocessing = 0;
		};
/* End PBXSourcesBuildPhase section */

/* Begin XCBuildConfiguration section */
		DD22FDF0260191C3009B012C /* Debug */ = {
			isa = XCBuildConfiguration;
			buildSettings = {
				ALWAYS_SEARCH_USER_PATHS = NO;
				CLANG_ANALYZER_NONNULL = YES;
				CLANG_ANALYZER_NUMBER_OBJECT_CONVERSION = YES_AGGRESSIVE;
				CLANG_CXX_LANGUAGE_STANDARD = "gnu++14";
				CLANG_CXX_LIBRARY = "libc++";
				CLANG_ENABLE_MODULES = YES;
				CLANG_ENABLE_OBJC_ARC = YES;
				CLANG_ENABLE_OBJC_WEAK = YES;
				CLANG_WARN_BLOCK_CAPTURE_AUTORELEASING = YES;
				CLANG_WARN_BOOL_CONVERSION = YES;
				CLANG_WARN_COMMA = YES;
				CLANG_WARN_CONSTANT_CONVERSION = YES;
				CLANG_WARN_DEPRECATED_OBJC_IMPLEMENTATIONS = YES;
				CLANG_WARN_DIRECT_OBJC_ISA_USAGE = YES_ERROR;
				CLANG_WARN_DOCUMENTATION_COMMENTS = YES;
				CLANG_WARN_EMPTY_BODY = YES;
				CLANG_WARN_ENUM_CONVERSION = YES;
				CLANG_WARN_INFINITE_RECURSION = YES;
				CLANG_WARN_INT_CONVERSION = YES;
				CLANG_WARN_NON_LITERAL_NULL_CONVERSION = YES;
				CLANG_WARN_OBJC_IMPLICIT_RETAIN_SELF = YES;
				CLANG_WARN_OBJC_LITERAL_CONVERSION = YES;
				CLANG_WARN_OBJC_ROOT_CLASS = YES_ERROR;
				CLANG_WARN_QUOTED_INCLUDE_IN_FRAMEWORK_HEADER = YES;
				CLANG_WARN_RANGE_LOOP_ANALYSIS = YES;
				CLANG_WARN_STRICT_PROTOTYPES = YES;
				CLANG_WARN_SUSPICIOUS_MOVE = YES;
				CLANG_WARN_UNGUARDED_AVAILABILITY = YES_AGGRESSIVE;
				CLANG_WARN_UNREACHABLE_CODE = YES;
				CLANG_WARN__DUPLICATE_METHOD_MATCH = YES;
				COPY_PHASE_STRIP = NO;
				DEBUG_INFORMATION_FORMAT = dwarf;
				ENABLE_STRICT_OBJC_MSGSEND = YES;
				ENABLE_TESTABILITY = YES;
				GCC_C_LANGUAGE_STANDARD = gnu11;
				GCC_DYNAMIC_NO_PIC = NO;
				GCC_NO_COMMON_BLOCKS = YES;
				GCC_OPTIMIZATION_LEVEL = 0;
				GCC_PREPROCESSOR_DEFINITIONS = (
					"DEBUG=1",
					"$(inherited)",
				);
				GCC_WARN_64_TO_32_BIT_CONVERSION = YES;
				GCC_WARN_ABOUT_RETURN_TYPE = YES_ERROR;
				GCC_WARN_UNDECLARED_SELECTOR = YES;
				GCC_WARN_UNINITIALIZED_AUTOS = YES_AGGRESSIVE;
				GCC_WARN_UNUSED_FUNCTION = YES;
				GCC_WARN_UNUSED_VARIABLE = YES;
				IPHONEOS_DEPLOYMENT_TARGET = 14.4;
				MTL_ENABLE_DEBUG_INFO = INCLUDE_SOURCE;
				MTL_FAST_MATH = YES;
				ONLY_ACTIVE_ARCH = YES;
				SDKROOT = iphoneos;
				SWIFT_ACTIVE_COMPILATION_CONDITIONS = DEBUG;
				SWIFT_OPTIMIZATION_LEVEL = "-Onone";
			};
			name = Debug;
		};
		DD22FDF1260191C3009B012C /* Release */ = {
			isa = XCBuildConfiguration;
			buildSettings = {
				ALWAYS_SEARCH_USER_PATHS = NO;
				CLANG_ANALYZER_NONNULL = YES;
				CLANG_ANALYZER_NUMBER_OBJECT_CONVERSION = YES_AGGRESSIVE;
				CLANG_CXX_LANGUAGE_STANDARD = "gnu++14";
				CLANG_CXX_LIBRARY = "libc++";
				CLANG_ENABLE_MODULES = YES;
				CLANG_ENABLE_OBJC_ARC = YES;
				CLANG_ENABLE_OBJC_WEAK = YES;
				CLANG_WARN_BLOCK_CAPTURE_AUTORELEASING = YES;
				CLANG_WARN_BOOL_CONVERSION = YES;
				CLANG_WARN_COMMA = YES;
				CLANG_WARN_CONSTANT_CONVERSION = YES;
				CLANG_WARN_DEPRECATED_OBJC_IMPLEMENTATIONS = YES;
				CLANG_WARN_DIRECT_OBJC_ISA_USAGE = YES_ERROR;
				CLANG_WARN_DOCUMENTATION_COMMENTS = YES;
				CLANG_WARN_EMPTY_BODY = YES;
				CLANG_WARN_ENUM_CONVERSION = YES;
				CLANG_WARN_INFINITE_RECURSION = YES;
				CLANG_WARN_INT_CONVERSION = YES;
				CLANG_WARN_NON_LITERAL_NULL_CONVERSION = YES;
				CLANG_WARN_OBJC_IMPLICIT_RETAIN_SELF = YES;
				CLANG_WARN_OBJC_LITERAL_CONVERSION = YES;
				CLANG_WARN_OBJC_ROOT_CLASS = YES_ERROR;
				CLANG_WARN_QUOTED_INCLUDE_IN_FRAMEWORK_HEADER = YES;
				CLANG_WARN_RANGE_LOOP_ANALYSIS = YES;
				CLANG_WARN_STRICT_PROTOTYPES = YES;
				CLANG_WARN_SUSPICIOUS_MOVE = YES;
				CLANG_WARN_UNGUARDED_AVAILABILITY = YES_AGGRESSIVE;
				CLANG_WARN_UNREACHABLE_CODE = YES;
				CLANG_WARN__DUPLICATE_METHOD_MATCH = YES;
				COPY_PHASE_STRIP = NO;
				DEBUG_INFORMATION_FORMAT = "dwarf-with-dsym";
				ENABLE_NS_ASSERTIONS = NO;
				ENABLE_STRICT_OBJC_MSGSEND = YES;
				GCC_C_LANGUAGE_STANDARD = gnu11;
				GCC_NO_COMMON_BLOCKS = YES;
				GCC_WARN_64_TO_32_BIT_CONVERSION = YES;
				GCC_WARN_ABOUT_RETURN_TYPE = YES_ERROR;
				GCC_WARN_UNDECLARED_SELECTOR = YES;
				GCC_WARN_UNINITIALIZED_AUTOS = YES_AGGRESSIVE;
				GCC_WARN_UNUSED_FUNCTION = YES;
				GCC_WARN_UNUSED_VARIABLE = YES;
				IPHONEOS_DEPLOYMENT_TARGET = 14.4;
				MTL_ENABLE_DEBUG_INFO = NO;
				MTL_FAST_MATH = YES;
				SDKROOT = iphoneos;
				SWIFT_COMPILATION_MODE = wholemodule;
				SWIFT_OPTIMIZATION_LEVEL = "-O";
				VALIDATE_PRODUCT = YES;
			};
			name = Release;
		};
		DD22FDF3260191C3009B012C /* Debug */ = {
			isa = XCBuildConfiguration;
			buildSettings = {
				ASSETCATALOG_COMPILER_APPICON_NAME = AppIcon;
				ASSETCATALOG_COMPILER_GLOBAL_ACCENT_COLOR_NAME = AccentColor;
				CODE_SIGN_STYLE = Automatic;
				DEVELOPMENT_ASSET_PATHS = "\"NavigationViewPractice/Preview Content\"";
				DEVELOPMENT_TEAM = WGV47WB79A;
				ENABLE_PREVIEWS = YES;
				INFOPLIST_FILE = NavigationViewPractice/Info.plist;
				IPHONEOS_DEPLOYMENT_TARGET = 14.0;
				LD_RUNPATH_SEARCH_PATHS = (
					"$(inherited)",
					"@executable_path/Frameworks",
				);
				PRODUCT_BUNDLE_IDENTIFIER = com.gmail.NavigationViewPractice;
				PRODUCT_NAME = "$(TARGET_NAME)";
				SWIFT_VERSION = 5.0;
				TARGETED_DEVICE_FAMILY = "1,2";
			};
			name = Debug;
		};
		DD22FDF4260191C3009B012C /* Release */ = {
			isa = XCBuildConfiguration;
			buildSettings = {
				ASSETCATALOG_COMPILER_APPICON_NAME = AppIcon;
				ASSETCATALOG_COMPILER_GLOBAL_ACCENT_COLOR_NAME = AccentColor;
				CODE_SIGN_STYLE = Automatic;
				DEVELOPMENT_ASSET_PATHS = "\"NavigationViewPractice/Preview Content\"";
				DEVELOPMENT_TEAM = WGV47WB79A;
				ENABLE_PREVIEWS = YES;
				INFOPLIST_FILE = NavigationViewPractice/Info.plist;
				IPHONEOS_DEPLOYMENT_TARGET = 14.0;
				LD_RUNPATH_SEARCH_PATHS = (
					"$(inherited)",
					"@executable_path/Frameworks",
				);
				PRODUCT_BUNDLE_IDENTIFIER = com.gmail.NavigationViewPractice;
				PRODUCT_NAME = "$(TARGET_NAME)";
				SWIFT_VERSION = 5.0;
				TARGETED_DEVICE_FAMILY = "1,2";
			};
			name = Release;
		};
/* End XCBuildConfiguration section */

/* Begin XCConfigurationList section */
		DD22FDDE260191C0009B012C /* Build configuration list for PBXProject "NavigationViewPractice" */ = {
			isa = XCConfigurationList;
			buildConfigurations = (
				DD22FDF0260191C3009B012C /* Debug */,
				DD22FDF1260191C3009B012C /* Release */,
			);
			defaultConfigurationIsVisible = 0;
			defaultConfigurationName = Release;
		};
		DD22FDF2260191C3009B012C /* Build configuration list for PBXNativeTarget "NavigationViewPractice" */ = {
			isa = XCConfigurationList;
			buildConfigurations = (
				DD22FDF3260191C3009B012C /* Debug */,
				DD22FDF4260191C3009B012C /* Release */,
			);
			defaultConfigurationIsVisible = 0;
			defaultConfigurationName = Release;
		};
/* End XCConfigurationList section */
	};
	rootObject = DD22FDDB260191C0009B012C /* Project object */;
}
